// !$*UTF8*$!
{
	archiveVersion = 1;
	classes = {
	};
	objectVersion = 50;
	objects = {

/* Begin PBXBuildFile section */
		603D62322155ED3300C7B349 /* TransformOperators.swift in Sources */ = {isa = PBXBuildFile; fileRef = 603D62312155ED3300C7B349 /* TransformOperators.swift */; };
		603D623421561F9F00C7B349 /* FilterningAndConditionalOperators.swift in Sources */ = {isa = PBXBuildFile; fileRef = 603D623321561F9F00C7B349 /* FilterningAndConditionalOperators.swift */; };
		60A05AC5214F6BD100D84AA8 /* AppDelegate.swift in Sources */ = {isa = PBXBuildFile; fileRef = 60A05AC4214F6BD100D84AA8 /* AppDelegate.swift */; };
		60A05AC7214F6BD100D84AA8 /* ViewController.swift in Sources */ = {isa = PBXBuildFile; fileRef = 60A05AC6214F6BD100D84AA8 /* ViewController.swift */; };
		60A05ACA214F6BD100D84AA8 /* Main.storyboard in Resources */ = {isa = PBXBuildFile; fileRef = 60A05AC8214F6BD100D84AA8 /* Main.storyboard */; };
		60A05ACC214F6BD300D84AA8 /* Assets.xcassets in Resources */ = {isa = PBXBuildFile; fileRef = 60A05ACB214F6BD300D84AA8 /* Assets.xcassets */; };
		60A05ACF214F6BD300D84AA8 /* LaunchScreen.storyboard in Resources */ = {isa = PBXBuildFile; fileRef = 60A05ACD214F6BD300D84AA8 /* LaunchScreen.storyboard */; };
		60A05ADA214F6BD300D84AA8 /* RxSwiftDemoTests.swift in Sources */ = {isa = PBXBuildFile; fileRef = 60A05AD9214F6BD300D84AA8 /* RxSwiftDemoTests.swift */; };
		60A05AE5214F6BD300D84AA8 /* RxSwiftDemoUITests.swift in Sources */ = {isa = PBXBuildFile; fileRef = 60A05AE4214F6BD300D84AA8 /* RxSwiftDemoUITests.swift */; };
		60A05AF3214F6C5900D84AA8 /* Create.swift in Sources */ = {isa = PBXBuildFile; fileRef = 60A05AF2214F6C5900D84AA8 /* Create.swift */; };
		60A05B812150739200D84AA8 /* Subject.swift in Sources */ = {isa = PBXBuildFile; fileRef = 60A05B802150739200D84AA8 /* Subject.swift */; };
		60A05B842151BC0400D84AA8 /* CombinationOperators.swift in Sources */ = {isa = PBXBuildFile; fileRef = 60A05B832151BC0400D84AA8 /* CombinationOperators.swift */; };
		DF7F443013BBE746DD914C6A /* Pods_RxSwiftDemo.framework in Frameworks */ = {isa = PBXBuildFile; fileRef = FAAE7DEC2D2575D1BF638DF0 /* Pods_RxSwiftDemo.framework */; };
/* End PBXBuildFile section */

/* Begin PBXContainerItemProxy section */
		60A05AD6214F6BD300D84AA8 /* PBXContainerItemProxy */ = {
			isa = PBXContainerItemProxy;
			containerPortal = 60A05AB9214F6BD100D84AA8 /* Project object */;
			proxyType = 1;
			remoteGlobalIDString = 60A05AC0214F6BD100D84AA8;
			remoteInfo = RxSwiftDemo;
		};
		60A05AE1214F6BD300D84AA8 /* PBXContainerItemProxy */ = {
			isa = PBXContainerItemProxy;
			containerPortal = 60A05AB9214F6BD100D84AA8 /* Project object */;
			proxyType = 1;
			remoteGlobalIDString = 60A05AC0214F6BD100D84AA8;
			remoteInfo = RxSwiftDemo;
		};
/* End PBXContainerItemProxy section */

/* Begin PBXFileReference section */
		0D5EE61AA27B8EF4225EFF81 /* Pods-RxSwiftDemo.release.xcconfig */ = {isa = PBXFileReference; includeInIndex = 1; lastKnownFileType = text.xcconfig; name = "Pods-RxSwiftDemo.release.xcconfig"; path = "Pods/Target Support Files/Pods-RxSwiftDemo/Pods-RxSwiftDemo.release.xcconfig"; sourceTree = "<group>"; };
		603D62312155ED3300C7B349 /* TransformOperators.swift */ = {isa = PBXFileReference; lastKnownFileType = sourcecode.swift; path = TransformOperators.swift; sourceTree = "<group>"; };
		603D623321561F9F00C7B349 /* FilterningAndConditionalOperators.swift */ = {isa = PBXFileReference; lastKnownFileType = sourcecode.swift; path = FilterningAndConditionalOperators.swift; sourceTree = "<group>"; };
		60A05AC1214F6BD100D84AA8 /* RxSwiftDemo.app */ = {isa = PBXFileReference; explicitFileType = wrapper.application; includeInIndex = 0; path = RxSwiftDemo.app; sourceTree = BUILT_PRODUCTS_DIR; };
		60A05AC4214F6BD100D84AA8 /* AppDelegate.swift */ = {isa = PBXFileReference; lastKnownFileType = sourcecode.swift; path = AppDelegate.swift; sourceTree = "<group>"; };
		60A05AC6214F6BD100D84AA8 /* ViewController.swift */ = {isa = PBXFileReference; lastKnownFileType = sourcecode.swift; path = ViewController.swift; sourceTree = "<group>"; };
		60A05AC9214F6BD100D84AA8 /* Base */ = {isa = PBXFileReference; lastKnownFileType = file.storyboard; name = Base; path = Base.lproj/Main.storyboard; sourceTree = "<group>"; };
		60A05ACB214F6BD300D84AA8 /* Assets.xcassets */ = {isa = PBXFileReference; lastKnownFileType = folder.assetcatalog; path = Assets.xcassets; sourceTree = "<group>"; };
		60A05ACE214F6BD300D84AA8 /* Base */ = {isa = PBXFileReference; lastKnownFileType = file.storyboard; name = Base; path = Base.lproj/LaunchScreen.storyboard; sourceTree = "<group>"; };
		60A05AD0214F6BD300D84AA8 /* Info.plist */ = {isa = PBXFileReference; lastKnownFileType = text.plist.xml; path = Info.plist; sourceTree = "<group>"; };
		60A05AD5214F6BD300D84AA8 /* RxSwiftDemoTests.xctest */ = {isa = PBXFileReference; explicitFileType = wrapper.cfbundle; includeInIndex = 0; path = RxSwiftDemoTests.xctest; sourceTree = BUILT_PRODUCTS_DIR; };
		60A05AD9214F6BD300D84AA8 /* RxSwiftDemoTests.swift */ = {isa = PBXFileReference; lastKnownFileType = sourcecode.swift; path = RxSwiftDemoTests.swift; sourceTree = "<group>"; };
		60A05ADB214F6BD300D84AA8 /* Info.plist */ = {isa = PBXFileReference; lastKnownFileType = text.plist.xml; path = Info.plist; sourceTree = "<group>"; };
		60A05AE0214F6BD300D84AA8 /* RxSwiftDemoUITests.xctest */ = {isa = PBXFileReference; explicitFileType = wrapper.cfbundle; includeInIndex = 0; path = RxSwiftDemoUITests.xctest; sourceTree = BUILT_PRODUCTS_DIR; };
		60A05AE4214F6BD300D84AA8 /* RxSwiftDemoUITests.swift */ = {isa = PBXFileReference; lastKnownFileType = sourcecode.swift; path = RxSwiftDemoUITests.swift; sourceTree = "<group>"; };
		60A05AE6214F6BD300D84AA8 /* Info.plist */ = {isa = PBXFileReference; lastKnownFileType = text.plist.xml; path = Info.plist; sourceTree = "<group>"; };
		60A05AF2214F6C5900D84AA8 /* Create.swift */ = {isa = PBXFileReference; lastKnownFileType = sourcecode.swift; path = Create.swift; sourceTree = "<group>"; };
		60A05B802150739200D84AA8 /* Subject.swift */ = {isa = PBXFileReference; lastKnownFileType = sourcecode.swift; path = Subject.swift; sourceTree = "<group>"; };
		60A05B832151BC0400D84AA8 /* CombinationOperators.swift */ = {isa = PBXFileReference; lastKnownFileType = sourcecode.swift; path = CombinationOperators.swift; sourceTree = "<group>"; };
		F4772A083D5436046535044C /* Pods-RxSwiftDemo.debug.xcconfig */ = {isa = PBXFileReference; includeInIndex = 1; lastKnownFileType = text.xcconfig; name = "Pods-RxSwiftDemo.debug.xcconfig"; path = "Pods/Target Support Files/Pods-RxSwiftDemo/Pods-RxSwiftDemo.debug.xcconfig"; sourceTree = "<group>"; };
		FAAE7DEC2D2575D1BF638DF0 /* Pods_RxSwiftDemo.framework */ = {isa = PBXFileReference; explicitFileType = wrapper.framework; includeInIndex = 0; path = Pods_RxSwiftDemo.framework; sourceTree = BUILT_PRODUCTS_DIR; };
/* End PBXFileReference section */

/* Begin PBXFrameworksBuildPhase section */
		60A05ABE214F6BD100D84AA8 /* Frameworks */ = {
			isa = PBXFrameworksBuildPhase;
			buildActionMask = 2147483647;
			files = (
				DF7F443013BBE746DD914C6A /* Pods_RxSwiftDemo.framework in Frameworks */,
			);
			runOnlyForDeploymentPostprocessing = 0;
		};
		60A05AD2214F6BD300D84AA8 /* Frameworks */ = {
			isa = PBXFrameworksBuildPhase;
			buildActionMask = 2147483647;
			files = (
			);
			runOnlyForDeploymentPostprocessing = 0;
		};
		60A05ADD214F6BD300D84AA8 /* Frameworks */ = {
			isa = PBXFrameworksBuildPhase;
			buildActionMask = 2147483647;
			files = (
			);
			runOnlyForDeploymentPostprocessing = 0;
		};
/* End PBXFrameworksBuildPhase section */

/* Begin PBXGroup section */
		60A05AB8214F6BD100D84AA8 = {
			isa = PBXGroup;
			children = (
				60A05AC3214F6BD100D84AA8 /* RxSwiftDemo */,
				60A05AD8214F6BD300D84AA8 /* RxSwiftDemoTests */,
				60A05AE3214F6BD300D84AA8 /* RxSwiftDemoUITests */,
				60A05AC2214F6BD100D84AA8 /* Products */,
				C3FD5526D1D00736163C2CC0 /* Pods */,
				79C528A7B4B4E8D6D9043E20 /* Frameworks */,
			);
			sourceTree = "<group>";
		};
		60A05AC2214F6BD100D84AA8 /* Products */ = {
			isa = PBXGroup;
			children = (
				60A05AC1214F6BD100D84AA8 /* RxSwiftDemo.app */,
				60A05AD5214F6BD300D84AA8 /* RxSwiftDemoTests.xctest */,
				60A05AE0214F6BD300D84AA8 /* RxSwiftDemoUITests.xctest */,
			);
			name = Products;
			sourceTree = "<group>";
		};
		60A05AC3214F6BD100D84AA8 /* RxSwiftDemo */ = {
			isa = PBXGroup;
			children = (
				60A05AC4214F6BD100D84AA8 /* AppDelegate.swift */,
				60A05AC6214F6BD100D84AA8 /* ViewController.swift */,
				60A05AC8214F6BD100D84AA8 /* Main.storyboard */,
				60A05ACB214F6BD300D84AA8 /* Assets.xcassets */,
				60A05ACD214F6BD300D84AA8 /* LaunchScreen.storyboard */,
				60A05AD0214F6BD300D84AA8 /* Info.plist */,
				60A05AF2214F6C5900D84AA8 /* Create.swift */,
				60A05B802150739200D84AA8 /* Subject.swift */,
				60A05B832151BC0400D84AA8 /* CombinationOperators.swift */,
				603D62312155ED3300C7B349 /* TransformOperators.swift */,
				603D623321561F9F00C7B349 /* FilterningAndConditionalOperators.swift */,
			);
			path = RxSwiftDemo;
			sourceTree = "<group>";
		};
		60A05AD8214F6BD300D84AA8 /* RxSwiftDemoTests */ = {
			isa = PBXGroup;
			children = (
				60A05AD9214F6BD300D84AA8 /* RxSwiftDemoTests.swift */,
				60A05ADB214F6BD300D84AA8 /* Info.plist */,
			);
			path = RxSwiftDemoTests;
			sourceTree = "<group>";
		};
		60A05AE3214F6BD300D84AA8 /* RxSwiftDemoUITests */ = {
			isa = PBXGroup;
			children = (
				60A05AE4214F6BD300D84AA8 /* RxSwiftDemoUITests.swift */,
				60A05AE6214F6BD300D84AA8 /* Info.plist */,
			);
			path = RxSwiftDemoUITests;
			sourceTree = "<group>";
		};
		79C528A7B4B4E8D6D9043E20 /* Frameworks */ = {
			isa = PBXGroup;
			children = (
				FAAE7DEC2D2575D1BF638DF0 /* Pods_RxSwiftDemo.framework */,
			);
			name = Frameworks;
			sourceTree = "<group>";
		};
		C3FD5526D1D00736163C2CC0 /* Pods */ = {
			isa = PBXGroup;
			children = (
				F4772A083D5436046535044C /* Pods-RxSwiftDemo.debug.xcconfig */,
				0D5EE61AA27B8EF4225EFF81 /* Pods-RxSwiftDemo.release.xcconfig */,
			);
			name = Pods;
			sourceTree = "<group>";
		};
/* End PBXGroup section */

/* Begin PBXNativeTarget section */
		60A05AC0214F6BD100D84AA8 /* RxSwiftDemo */ = {
			isa = PBXNativeTarget;
			buildConfigurationList = 60A05AE9214F6BD300D84AA8 /* Build configuration list for PBXNativeTarget "RxSwiftDemo" */;
			buildPhases = (
				14A55F3E37A377940F967FB9 /* [CP] Check Pods Manifest.lock */,
				60A05ABD214F6BD100D84AA8 /* Sources */,
				60A05ABE214F6BD100D84AA8 /* Frameworks */,
				60A05ABF214F6BD100D84AA8 /* Resources */,
				62F5CFA19EF0424C85936A15 /* [CP] Embed Pods Frameworks */,
			);
			buildRules = (
			);
			dependencies = (
			);
			name = RxSwiftDemo;
			productName = RxSwiftDemo;
			productReference = 60A05AC1214F6BD100D84AA8 /* RxSwiftDemo.app */;
			productType = "com.apple.product-type.application";
		};
		60A05AD4214F6BD300D84AA8 /* RxSwiftDemoTests */ = {
			isa = PBXNativeTarget;
			buildConfigurationList = 60A05AEC214F6BD300D84AA8 /* Build configuration list for PBXNativeTarget "RxSwiftDemoTests" */;
			buildPhases = (
				60A05AD1214F6BD300D84AA8 /* Sources */,
				60A05AD2214F6BD300D84AA8 /* Frameworks */,
				60A05AD3214F6BD300D84AA8 /* Resources */,
			);
			buildRules = (
			);
			dependencies = (
				60A05AD7214F6BD300D84AA8 /* PBXTargetDependency */,
			);
			name = RxSwiftDemoTests;
			productName = RxSwiftDemoTests;
			productReference = 60A05AD5214F6BD300D84AA8 /* RxSwiftDemoTests.xctest */;
			productType = "com.apple.product-type.bundle.unit-test";
		};
		60A05ADF214F6BD300D84AA8 /* RxSwiftDemoUITests */ = {
			isa = PBXNativeTarget;
			buildConfigurationList = 60A05AEF214F6BD300D84AA8 /* Build configuration list for PBXNativeTarget "RxSwiftDemoUITests" */;
			buildPhases = (
				60A05ADC214F6BD300D84AA8 /* Sources */,
				60A05ADD214F6BD300D84AA8 /* Frameworks */,
				60A05ADE214F6BD300D84AA8 /* Resources */,
			);
			buildRules = (
			);
			dependencies = (
				60A05AE2214F6BD300D84AA8 /* PBXTargetDependency */,
			);
			name = RxSwiftDemoUITests;
			productName = RxSwiftDemoUITests;
			productReference = 60A05AE0214F6BD300D84AA8 /* RxSwiftDemoUITests.xctest */;
			productType = "com.apple.product-type.bundle.ui-testing";
		};
/* End PBXNativeTarget section */

/* Begin PBXProject section */
		60A05AB9214F6BD100D84AA8 /* Project object */ = {
			isa = PBXProject;
			attributes = {
				LastSwiftUpdateCheck = 0940;
				LastUpgradeCheck = 0940;
				ORGANIZATIONNAME = pgq;
				TargetAttributes = {
					60A05AC0214F6BD100D84AA8 = {
						CreatedOnToolsVersion = 9.4.1;
					};
					60A05AD4214F6BD300D84AA8 = {
						CreatedOnToolsVersion = 9.4.1;
						TestTargetID = 60A05AC0214F6BD100D84AA8;
					};
					60A05ADF214F6BD300D84AA8 = {
						CreatedOnToolsVersion = 9.4.1;
						TestTargetID = 60A05AC0214F6BD100D84AA8;
					};
				};
			};
			buildConfigurationList = 60A05ABC214F6BD100D84AA8 /* Build configuration list for PBXProject "RxSwiftDemo" */;
			compatibilityVersion = "Xcode 9.3";
			developmentRegion = en;
			hasScannedForEncodings = 0;
			knownRegions = (
				en,
				Base,
			);
			mainGroup = 60A05AB8214F6BD100D84AA8;
			productRefGroup = 60A05AC2214F6BD100D84AA8 /* Products */;
			projectDirPath = "";
			projectRoot = "";
			targets = (
				60A05AC0214F6BD100D84AA8 /* RxSwiftDemo */,
				60A05AD4214F6BD300D84AA8 /* RxSwiftDemoTests */,
				60A05ADF214F6BD300D84AA8 /* RxSwiftDemoUITests */,
			);
		};
/* End PBXProject section */

/* Begin PBXResourcesBuildPhase section */
		60A05ABF214F6BD100D84AA8 /* Resources */ = {
			isa = PBXResourcesBuildPhase;
			buildActionMask = 2147483647;
			files = (
				60A05ACF214F6BD300D84AA8 /* LaunchScreen.storyboard in Resources */,
				60A05ACC214F6BD300D84AA8 /* Assets.xcassets in Resources */,
				60A05ACA214F6BD100D84AA8 /* Main.storyboard in Resources */,
			);
			runOnlyForDeploymentPostprocessing = 0;
		};
		60A05AD3214F6BD300D84AA8 /* Resources */ = {
			isa = PBXResourcesBuildPhase;
			buildActionMask = 2147483647;
			files = (
			);
			runOnlyForDeploymentPostprocessing = 0;
		};
		60A05ADE214F6BD300D84AA8 /* Resources */ = {
			isa = PBXResourcesBuildPhase;
			buildActionMask = 2147483647;
			files = (
			);
			runOnlyForDeploymentPostprocessing = 0;
		};
/* End PBXResourcesBuildPhase section */

/* Begin PBXShellScriptBuildPhase section */
		14A55F3E37A377940F967FB9 /* [CP] Check Pods Manifest.lock */ = {
			isa = PBXShellScriptBuildPhase;
			buildActionMask = 2147483647;
			files = (
			);
			inputPaths = (
				"${PODS_PODFILE_DIR_PATH}/Podfile.lock",
				"${PODS_ROOT}/Manifest.lock",
			);
			name = "[CP] Check Pods Manifest.lock";
			outputPaths = (
				"$(DERIVED_FILE_DIR)/Pods-RxSwiftDemo-checkManifestLockResult.txt",
			);
			runOnlyForDeploymentPostprocessing = 0;
			shellPath = /bin/sh;
			shellScript = "diff \"${PODS_PODFILE_DIR_PATH}/Podfile.lock\" \"${PODS_ROOT}/Manifest.lock\" > /dev/null\nif [ $? != 0 ] ; then\n    # print error to STDERR\n    echo \"error: The sandbox is not in sync with the Podfile.lock. Run 'pod install' or update your CocoaPods installation.\" >&2\n    exit 1\nfi\n# This output is used by Xcode 'outputs' to avoid re-running this script phase.\necho \"SUCCESS\" > \"${SCRIPT_OUTPUT_FILE_0}\"\n";
			showEnvVarsInLog = 0;
		};
		62F5CFA19EF0424C85936A15 /* [CP] Embed Pods Frameworks */ = {
			isa = PBXShellScriptBuildPhase;
			buildActionMask = 2147483647;
			files = (
			);
			inputPaths = (
				"${SRCROOT}/Pods/Target Support Files/Pods-RxSwiftDemo/Pods-RxSwiftDemo-frameworks.sh",
				"${BUILT_PRODUCTS_DIR}/RxCocoa/RxCocoa.framework",
				"${BUILT_PRODUCTS_DIR}/RxSwift/RxSwift.framework",
			);
			name = "[CP] Embed Pods Frameworks";
			outputPaths = (
				"${TARGET_BUILD_DIR}/${FRAMEWORKS_FOLDER_PATH}/RxCocoa.framework",
				"${TARGET_BUILD_DIR}/${FRAMEWORKS_FOLDER_PATH}/RxSwift.framework",
			);
			runOnlyForDeploymentPostprocessing = 0;
			shellPath = /bin/sh;
			shellScript = "\"${SRCROOT}/Pods/Target Support Files/Pods-RxSwiftDemo/Pods-RxSwiftDemo-frameworks.sh\"\n";
			showEnvVarsInLog = 0;
		};
/* End PBXShellScriptBuildPhase section */

/* Begin PBXSourcesBuildPhase section */
		60A05ABD214F6BD100D84AA8 /* Sources */ = {
			isa = PBXSourcesBuildPhase;
			buildActionMask = 2147483647;
			files = (
				60A05B812150739200D84AA8 /* Subject.swift in Sources */,
				603D623421561F9F00C7B349 /* FilterningAndConditionalOperators.swift in Sources */,
				60A05AF3214F6C5900D84AA8 /* Create.swift in Sources */,
				60A05B842151BC0400D84AA8 /* CombinationOperators.swift in Sources */,
				60A05AC7214F6BD100D84AA8 /* ViewController.swift in Sources */,
				603D62322155ED3300C7B349 /* TransformOperators.swift in Sources */,
				60A05AC5214F6BD100D84AA8 /* AppDelegate.swift in Sources */,
			);
			runOnlyForDeploymentPostprocessing = 0;
		};
		60A05AD1214F6BD300D84AA8 /* Sources */ = {
			isa = PBXSourcesBuildPhase;
			buildActionMask = 2147483647;
			files = (
				60A05ADA214F6BD300D84AA8 /* RxSwiftDemoTests.swift in Sources */,
			);
			runOnlyForDeploymentPostprocessing = 0;
		};
		60A05ADC214F6BD300D84AA8 /* Sources */ = {
			isa = PBXSourcesBuildPhase;
			buildActionMask = 2147483647;
			files = (
				60A05AE5214F6BD300D84AA8 /* RxSwiftDemoUITests.swift in Sources */,
			);
			runOnlyForDeploymentPostprocessing = 0;
		};
/* End PBXSourcesBuildPhase section */

/* Begin PBXTargetDependency section */
		60A05AD7214F6BD300D84AA8 /* PBXTargetDependency */ = {
			isa = PBXTargetDependency;
			target = 60A05AC0214F6BD100D84AA8 /* RxSwiftDemo */;
			targetProxy = 60A05AD6214F6BD300D84AA8 /* PBXContainerItemProxy */;
		};
		60A05AE2214F6BD300D84AA8 /* PBXTargetDependency */ = {
			isa = PBXTargetDependency;
			target = 60A05AC0214F6BD100D84AA8 /* RxSwiftDemo */;
			targetProxy = 60A05AE1214F6BD300D84AA8 /* PBXContainerItemProxy */;
		};
/* End PBXTargetDependency section */

/* Begin PBXVariantGroup section */
		60A05AC8214F6BD100D84AA8 /* Main.storyboard */ = {
			isa = PBXVariantGroup;
			children = (
				60A05AC9214F6BD100D84AA8 /* Base */,
			);
			name = Main.storyboard;
			sourceTree = "<group>";
		};
		60A05ACD214F6BD300D84AA8 /* LaunchScreen.storyboard */ = {
			isa = PBXVariantGroup;
			children = (
				60A05ACE214F6BD300D84AA8 /* Base */,
			);
			name = LaunchScreen.storyboard;
			sourceTree = "<group>";
		};
/* End PBXVariantGroup section */

/* Begin XCBuildConfiguration section */
		60A05AE7214F6BD300D84AA8 /* Debug */ = {
			isa = XCBuildConfiguration;
			buildSettings = {
				ALWAYS_SEARCH_USER_PATHS = NO;
				CLANG_ANALYZER_NONNULL = YES;
				CLANG_ANALYZER_NUMBER_OBJECT_CONVERSION = YES_AGGRESSIVE;
				CLANG_CXX_LANGUAGE_STANDARD = "gnu++14";
				CLANG_CXX_LIBRARY = "libc++";
				CLANG_ENABLE_MODULES = YES;
				CLANG_ENABLE_OBJC_ARC = YES;
				CLANG_ENABLE_OBJC_WEAK = YES;
				CLANG_WARN_BLOCK_CAPTURE_AUTORELEASING = YES;
				CLANG_WARN_BOOL_CONVERSION = YES;
				CLANG_WARN_COMMA = YES;
				CLANG_WARN_CONSTANT_CONVERSION = YES;
				CLANG_WARN_DEPRECATED_OBJC_IMPLEMENTATIONS = YES;
				CLANG_WARN_DIRECT_OBJC_ISA_USAGE = YES_ERROR;
				CLANG_WARN_DOCUMENTATION_COMMENTS = YES;
				CLANG_WARN_EMPTY_BODY = YES;
				CLANG_WARN_ENUM_CONVERSION = YES;
				CLANG_WARN_INFINITE_RECURSION = YES;
				CLANG_WARN_INT_CONVERSION = YES;
				CLANG_WARN_NON_LITERAL_NULL_CONVERSION = YES;
				CLANG_WARN_OBJC_IMPLICIT_RETAIN_SELF = YES;
				CLANG_WARN_OBJC_LITERAL_CONVERSION = YES;
				CLANG_WARN_OBJC_ROOT_CLASS = YES_ERROR;
				CLANG_WARN_RANGE_LOOP_ANALYSIS = YES;
				CLANG_WARN_STRICT_PROTOTYPES = YES;
				CLANG_WARN_SUSPICIOUS_MOVE = YES;
				CLANG_WARN_UNGUARDED_AVAILABILITY = YES_AGGRESSIVE;
				CLANG_WARN_UNREACHABLE_CODE = YES;
				CLANG_WARN__DUPLICATE_METHOD_MATCH = YES;
				CODE_SIGN_IDENTITY = "iPhone Developer";
				COPY_PHASE_STRIP = NO;
				DEBUG_INFORMATION_FORMAT = dwarf;
				ENABLE_STRICT_OBJC_MSGSEND = YES;
				ENABLE_TESTABILITY = YES;
				GCC_C_LANGUAGE_STANDARD = gnu11;
				GCC_DYNAMIC_NO_PIC = NO;
				GCC_NO_COMMON_BLOCKS = YES;
				GCC_OPTIMIZATION_LEVEL = 0;
				GCC_PREPROCESSOR_DEFINITIONS = (
					"DEBUG=1",
					"$(inherited)",
				);
				GCC_WARN_64_TO_32_BIT_CONVERSION = YES;
				GCC_WARN_ABOUT_RETURN_TYPE = YES_ERROR;
				GCC_WARN_UNDECLARED_SELECTOR = YES;
				GCC_WARN_UNINITIALIZED_AUTOS = YES_AGGRESSIVE;
				GCC_WARN_UNUSED_FUNCTION = YES;
				GCC_WARN_UNUSED_VARIABLE = YES;
				IPHONEOS_DEPLOYMENT_TARGET = 11.4;
				MTL_ENABLE_DEBUG_INFO = YES;
				ONLY_ACTIVE_ARCH = YES;
				SDKROOT = iphoneos;
				SWIFT_ACTIVE_COMPILATION_CONDITIONS = DEBUG;
				SWIFT_OPTIMIZATION_LEVEL = "-Onone";
			};
			name = Debug;
		};
		60A05AE8214F6BD300D84AA8 /* Release */ = {
			isa = XCBuildConfiguration;
			buildSettings = {
				ALWAYS_SEARCH_USER_PATHS = NO;
				CLANG_ANALYZER_NONNULL = YES;
				CLANG_ANALYZER_NUMBER_OBJECT_CONVERSION = YES_AGGRESSIVE;
				CLANG_CXX_LANGUAGE_STANDARD = "gnu++14";
				CLANG_CXX_LIBRARY = "libc++";
				CLANG_ENABLE_MODULES = YES;
				CLANG_ENABLE_OBJC_ARC = YES;
				CLANG_ENABLE_OBJC_WEAK = YES;
				CLANG_WARN_BLOCK_CAPTURE_AUTORELEASING = YES;
				CLANG_WARN_BOOL_CONVERSION = YES;
				CLANG_WARN_COMMA = YES;
				CLANG_WARN_CONSTANT_CONVERSION = YES;
				CLANG_WARN_DEPRECATED_OBJC_IMPLEMENTATIONS = YES;
				CLANG_WARN_DIRECT_OBJC_ISA_USAGE = YES_ERROR;
				CLANG_WARN_DOCUMENTATION_COMMENTS = YES;
				CLANG_WARN_EMPTY_BODY = YES;
				CLANG_WARN_ENUM_CONVERSION = YES;
				CLANG_WARN_INFINITE_RECURSION = YES;
				CLANG_WARN_INT_CONVERSION = YES;
				CLANG_WARN_NON_LITERAL_NULL_CONVERSION = YES;
				CLANG_WARN_OBJC_IMPLICIT_RETAIN_SELF = YES;
				CLANG_WARN_OBJC_LITERAL_CONVERSION = YES;
				CLANG_WARN_OBJC_ROOT_CLASS = YES_ERROR;
				CLANG_WARN_RANGE_LOOP_ANALYSIS = YES;
				CLANG_WARN_STRICT_PROTOTYPES = YES;
				CLANG_WARN_SUSPICIOUS_MOVE = YES;
				CLANG_WARN_UNGUARDED_AVAILABILITY = YES_AGGRESSIVE;
				CLANG_WARN_UNREACHABLE_CODE = YES;
				CLANG_WARN__DUPLICATE_METHOD_MATCH = YES;
				CODE_SIGN_IDENTITY = "iPhone Developer";
				COPY_PHASE_STRIP = NO;
				DEBUG_INFORMATION_FORMAT = "dwarf-with-dsym";
				ENABLE_NS_ASSERTIONS = NO;
				ENABLE_STRICT_OBJC_MSGSEND = YES;
				GCC_C_LANGUAGE_STANDARD = gnu11;
				GCC_NO_COMMON_BLOCKS = YES;
				GCC_WARN_64_TO_32_BIT_CONVERSION = YES;
				GCC_WARN_ABOUT_RETURN_TYPE = YES_ERROR;
				GCC_WARN_UNDECLARED_SELECTOR = YES;
				GCC_WARN_UNINITIALIZED_AUTOS = YES_AGGRESSIVE;
				GCC_WARN_UNUSED_FUNCTION = YES;
				GCC_WARN_UNUSED_VARIABLE = YES;
				IPHONEOS_DEPLOYMENT_TARGET = 11.4;
				MTL_ENABLE_DEBUG_INFO = NO;
				SDKROOT = iphoneos;
				SWIFT_COMPILATION_MODE = wholemodule;
				SWIFT_OPTIMIZATION_LEVEL = "-O";
				VALIDATE_PRODUCT = YES;
			};
			name = Release;
		};
		60A05AEA214F6BD300D84AA8 /* Debug */ = {
			isa = XCBuildConfiguration;
			baseConfigurationReference = F4772A083D5436046535044C /* Pods-RxSwiftDemo.debug.xcconfig */;
			buildSettings = {
				ASSETCATALOG_COMPILER_APPICON_NAME = AppIcon;
				CODE_SIGN_STYLE = Automatic;
				DEVELOPMENT_TEAM = B2BXA8AH8F;
				INFOPLIST_FILE = RxSwiftDemo/Info.plist;
				LD_RUNPATH_SEARCH_PATHS = (
					"$(inherited)",
					"@executable_path/Frameworks",
				);
				PRODUCT_BUNDLE_IDENTIFIER = cod.pgq.RxSwiftDemo;
				PRODUCT_NAME = "$(TARGET_NAME)";
				SWIFT_VERSION = 4.0;
				TARGETED_DEVICE_FAMILY = "1,2";
			};
			name = Debug;
		};
		60A05AEB214F6BD300D84AA8 /* Release */ = {
			isa = XCBuildConfiguration;
			baseConfigurationReference = 0D5EE61AA27B8EF4225EFF81 /* Pods-RxSwiftDemo.release.xcconfig */;
			buildSettings = {
				ASSETCATALOG_COMPILER_APPICON_NAME = AppIcon;
				CODE_SIGN_STYLE = Automatic;
				DEVELOPMENT_TEAM = B2BXA8AH8F;
				INFOPLIST_FILE = RxSwiftDemo/Info.plist;
				LD_RUNPATH_SEARCH_PATHS = (
					"$(inherited)",
					"@executable_path/Frameworks",
				);
				PRODUCT_BUNDLE_IDENTIFIER = cod.pgq.RxSwiftDemo;
				PRODUCT_NAME = "$(TARGET_NAME)";
				SWIFT_VERSION = 4.0;
				TARGETED_DEVICE_FAMILY = "1,2";
			};
			name = Release;
		};
		60A05AED214F6BD300D84AA8 /* Debug */ = {
			isa = XCBuildConfiguration;
			buildSettings = {
				ALWAYS_EMBED_SWIFT_STANDARD_LIBRARIES = YES;
				BUNDLE_LOADER = "$(TEST_HOST)";
				CODE_SIGN_STYLE = Automatic;
				DEVELOPMENT_TEAM = B2BXA8AH8F;
				INFOPLIST_FILE = RxSwiftDemoTests/Info.plist;
				LD_RUNPATH_SEARCH_PATHS = (
					"$(inherited)",
					"@executable_path/Frameworks",
					"@loader_path/Frameworks",
				);
				PRODUCT_BUNDLE_IDENTIFIER = cod.pgq.RxSwiftDemoTests;
				PRODUCT_NAME = "$(TARGET_NAME)";
				SWIFT_VERSION = 4.0;
				TARGETED_DEVICE_FAMILY = "1,2";
				TEST_HOST = "$(BUILT_PRODUCTS_DIR)/RxSwiftDemo.app/RxSwiftDemo";
			};
			name = Debug;
		};
		60A05AEE214F6BD300D84AA8 /* Release */ = {
			isa = XCBuildConfiguration;
			buildSettings = {
				ALWAYS_EMBED_SWIFT_STANDARD_LIBRARIES = YES;
				BUNDLE_LOADER = "$(TEST_HOST)";
				CODE_SIGN_STYLE = Automatic;
				DEVELOPMENT_TEAM = B2BXA8AH8F;
				INFOPLIST_FILE = RxSwiftDemoTests/Info.plist;
				LD_RUNPATH_SEARCH_PATHS = (
					"$(inherited)",
					"@executable_path/Frameworks",
					"@loader_path/Frameworks",
				);
				PRODUCT_BUNDLE_IDENTIFIER = cod.pgq.RxSwiftDemoTests;
				PRODUCT_NAME = "$(TARGET_NAME)";
				SWIFT_VERSION = 4.0;
				TARGETED_DEVICE_FAMILY = "1,2";
				TEST_HOST = "$(BUILT_PRODUCTS_DIR)/RxSwiftDemo.app/RxSwiftDemo";
			};
			name = Release;
		};
		60A05AF0214F6BD300D84AA8 /* Debug */ = {
			isa = XCBuildConfiguration;
			buildSettings = {
				ALWAYS_EMBED_SWIFT_STANDARD_LIBRARIES = YES;
				CODE_SIGN_STYLE = Automatic;
				DEVELOPMENT_TEAM = B2BXA8AH8F;
				INFOPLIST_FILE = RxSwiftDemoUITests/Info.plist;
				LD_RUNPATH_SEARCH_PATHS = (
					"$(inherited)",
					"@executable_path/Frameworks",
					"@loader_path/Frameworks",
				);
				PRODUCT_BUNDLE_IDENTIFIER = cod.pgq.RxSwiftDemoUITests;
				PRODUCT_NAME = "$(TARGET_NAME)";
				SWIFT_VERSION = 4.0;
				TARGETED_DEVICE_FAMILY = "1,2";
				TEST_TARGET_NAME = RxSwiftDemo;
			};
			name = Debug;
		};
		60A05AF1214F6BD300D84AA8 /* Release */ = {
			isa = XCBuildConfiguration;
			buildSettings = {
				ALWAYS_EMBED_SWIFT_STANDARD_LIBRARIES = YES;
				CODE_SIGN_STYLE = Automatic;
				DEVELOPMENT_TEAM = B2BXA8AH8F;
				INFOPLIST_FILE = RxSwiftDemoUITests/Info.plist;
				LD_RUNPATH_SEARCH_PATHS = (
					"$(inherited)",
					"@executable_path/Frameworks",
					"@loader_path/Frameworks",
				);
				PRODUCT_BUNDLE_IDENTIFIER = cod.pgq.RxSwiftDemoUITests;
				PRODUCT_NAME = "$(TARGET_NAME)";
				SWIFT_VERSION = 4.0;
				TARGETED_DEVICE_FAMILY = "1,2";
				TEST_TARGET_NAME = RxSwiftDemo;
			};
			name = Release;
		};
/* End XCBuildConfiguration section */

/* Begin XCConfigurationList section */
		60A05ABC214F6BD100D84AA8 /* Build configuration list for PBXProject "RxSwiftDemo" */ = {
			isa = XCConfigurationList;
			buildConfigurations = (
				60A05AE7214F6BD300D84AA8 /* Debug */,
				60A05AE8214F6BD300D84AA8 /* Release */,
			);
			defaultConfigurationIsVisible = 0;
			defaultConfigurationName = Release;
		};
		60A05AE9214F6BD300D84AA8 /* Build configuration list for PBXNativeTarget "RxSwiftDemo" */ = {
			isa = XCConfigurationList;
			buildConfigurations = (
				60A05AEA214F6BD300D84AA8 /* Debug */,
				60A05AEB214F6BD300D84AA8 /* Release */,
			);
			defaultConfigurationIsVisible = 0;
			defaultConfigurationName = Release;
		};
		60A05AEC214F6BD300D84AA8 /* Build configuration list for PBXNativeTarget "RxSwiftDemoTests" */ = {
			isa = XCConfigurationList;
			buildConfigurations = (
				60A05AED214F6BD300D84AA8 /* Debug */,
				60A05AEE214F6BD300D84AA8 /* Release */,
			);
			defaultConfigurationIsVisible = 0;
			defaultConfigurationName = Release;
		};
		60A05AEF214F6BD300D84AA8 /* Build configuration list for PBXNativeTarget "RxSwiftDemoUITests" */ = {
			isa = XCConfigurationList;
			buildConfigurations = (
				60A05AF0214F6BD300D84AA8 /* Debug */,
				60A05AF1214F6BD300D84AA8 /* Release */,
			);
			defaultConfigurationIsVisible = 0;
			defaultConfigurationName = Release;
		};
/* End XCConfigurationList section */
	};
	rootObject = 60A05AB9214F6BD100D84AA8 /* Project object */;
}
